
Microsoft Visual Studio Solution File, Format Version 12.00
# Visual Studio Version 17
VisualStudioVersion = 17.5.2.0
MinimumVisualStudioVersion = 10.0.40219.1
Project("{2150E333-8FDC-42A3-9474-1A3956D46DE8}") = "3° semestre", "3° semestre", "{41209FAD-C4B1-FC17-86A0-D92655A0F3AE}"
EndProject
Project("{2150E333-8FDC-42A3-9474-1A3956D46DE8}") = "Programação Back-End", "Programação Back-End", "{187A0762-CFEA-0096-9215-525BA74ABAB5}"
EndProject
Project("{2150E333-8FDC-42A3-9474-1A3956D46DE8}") = "06-02", "06-02", "{5D2A950F-5AB5-BF72-9FB3-C20486A6FCEA}"
EndProject
Project("{FAE04EC0-301F-11D3-BF4B-00C04F79EFBC}") = "AtividadesAPI", "3° semestre\Programação Back-End\06-02\AtividadesAPI\AtividadesAPI.csproj", "{C754BAF7-90F1-0780-8254-3CFC6BA81D99}"
EndProject
Project("{2150E333-8FDC-42A3-9474-1A3956D46DE8}") = "20-02", "20-02", "{2E0F9DC8-0ECA-7395-C30C-8612F7D9A044}"
EndProject
Project("{FAE04EC0-301F-11D3-BF4B-00C04F79EFBC}") = "Api.Docs", "3° semestre\Programação Back-End\20-02\Api.Docs\Api.Docs.csproj", "{EA10B21D-61DF-6751-3E67-EDE69FEE1733}"
EndProject
Project("{FAE04EC0-301F-11D3-BF4B-00C04F79EFBC}") = "Api.Documentos", "3° semestre\Programação Back-End\20-02\Api.Documentos\Api.Documentos.csproj", "{E262691D-B222-7D2A-8531-0F9D1D585CDF}"
EndProject
Project("{FAE04EC0-301F-11D3-BF4B-00C04F79EFBC}") = "Api.Passaporte", "3° semestre\Programação Back-End\20-02\Api.Passaporte\Api.Passaporte.csproj", "{1CE071C0-016F-6849-AD09-B79EFC072DD8}"
EndProject
Project("{2150E333-8FDC-42A3-9474-1A3956D46DE8}") = "27-02", "27-02", "{9545296A-0F66-16BE-774E-35B29D24681F}"
EndProject
Project("{FAE04EC0-301F-11D3-BF4B-00C04F79EFBC}") = "cozinha-api", "3° semestre\Programação Back-End\27-02\cozinha-api\cozinha-api.csproj", "{0AC0FF23-E503-A47B-7AFB-FA1F7BB7E7DD}"
EndProject
Project("{2150E333-8FDC-42A3-9474-1A3956D46DE8}") = "30-01", "30-01", "{1FE436BE-5200-E7BB-2B6A-D04433A36387}"
EndProject
Project("{FAE04EC0-301F-11D3-BF4B-00C04F79EFBC}") = "primeira-api", "3° semestre\Programação Back-End\30-01\primeira-api\primeira-api.csproj", "{2F339A3A-01A8-B2C4-23BB-920D68D7D5AA}"
EndProject
Project("{2150E333-8FDC-42A3-9474-1A3956D46DE8}") = "13-02", "13-02", "{385233C4-51D1-4F97-50C8-2BFE4B1C3E0D}"
EndProject
Project("{2150E333-8FDC-42A3-9474-1A3956D46DE8}") = "CalculoFormas", "CalculoFormas", "{2D902D4A-5728-AE00-3363-8E506087900A}"
EndProject
Project("{FAE04EC0-301F-11D3-BF4B-00C04F79EFBC}") = "Calculo.Formas", "3° semestre\Programação Back-End\13-02\CalculoFormas\Calculo.Formas\Calculo.Formas.csproj", "{16E5360D-3150-9976-F167-4D291380D5EB}"
EndProject
Project("{2150E333-8FDC-42A3-9474-1A3956D46DE8}") = "FolhaPagamento", "FolhaPagamento", "{FAB01CE3-27E9-5E10-3C7C-EF621524C298}"
EndProject
Project("{FAE04EC0-301F-11D3-BF4B-00C04F79EFBC}") = "FuncionariosApi", "3° semestre\Programação Back-End\13-02\FolhaPagamento\FuncionariosApi\FuncionariosApi.csproj", "{DE543DD0-C7D3-7FD8-E2AD-FB535BA8BC42}"
EndProject
Project("{2150E333-8FDC-42A3-9474-1A3956D46DE8}") = "ModificadoresAcesso", "ModificadoresAcesso", "{76E976FE-C75A-53A1-F6E9-956AB5570640}"
EndProject
Project("{FAE04EC0-301F-11D3-BF4B-00C04F79EFBC}") = "BibliotecaClasses1", "3° semestre\Programação Back-End\27-02\ModificadoresAcesso\BibliotecaClasses1\BibliotecaClasses1.csproj", "{3FF50050-D2EE-0073-DA87-3919693434CF}"
EndProject
Project("{FAE04EC0-301F-11D3-BF4B-00C04F79EFBC}") = "Console1", "3° semestre\Programação Back-End\27-02\ModificadoresAcesso\Console1\Console1.csproj", "{19E4B537-6811-537B-F814-E8474EF1E787}"
EndProject
Project("{2150E333-8FDC-42A3-9474-1A3956D46DE8}") = "Programação Front-End", "Programação Front-End", "{35813E79-8740-0A31-89E2-2301CC18838D}"
EndProject
Project("{2150E333-8FDC-42A3-9474-1A3956D46DE8}") = "04-02", "04-02", "{07281DE0-057D-E715-4747-5DF576814F29}"
EndProject
Project("{2150E333-8FDC-42A3-9474-1A3956D46DE8}") = "previsao_tempo", "previsao_tempo", "{6C37E041-C1F7-B7F9-AA2F-C41276E48A4C}"
EndProject
Project("{FAE04EC0-301F-11D3-BF4B-00C04F79EFBC}") = "api", "3° semestre\Programação Front-End\04-02\previsao_tempo\api\api.csproj", "{FB2C8DF2-EFB5-8325-81A3-0977356C26F3}"
EndProject
Project("{2150E333-8FDC-42A3-9474-1A3956D46DE8}") = "18-02", "18-02", "{2DB44121-FFF6-8BE3-50B8-52FF6AAD3336}"
EndProject
Project("{2150E333-8FDC-42A3-9474-1A3956D46DE8}") = "FolhaPagamento", "FolhaPagamento", "{2A433668-12A2-0C02-EE45-E8A21DD5A69B}"
EndProject
Project("{FAE04EC0-301F-11D3-BF4B-00C04F79EFBC}") = "FuncionariosApi", "3° semestre\Programação Front-End\18-02\FolhaPagamento\FuncionariosApi\FuncionariosApi.csproj", "{EBEF3A7F-C8C9-08D4-A9D4-C13916971D61}"
EndProject
Project("{2150E333-8FDC-42A3-9474-1A3956D46DE8}") = "Programação Mobile", "Programação Mobile", "{1D11EE90-4487-A507-DE8B-8513039BBB8D}"
EndProject
Project("{2150E333-8FDC-42A3-9474-1A3956D46DE8}") = "11-02", "11-02", "{A6A4C178-399C-8F30-7881-833F15965FE0}"
EndProject
Project("{2150E333-8FDC-42A3-9474-1A3956D46DE8}") = "geometria", "geometria", "{8C76FB53-2F8A-F50F-3748-3FFF2E9CB70D}"
EndProject
Project("{FAE04EC0-301F-11D3-BF4B-00C04F79EFBC}") = "api", "3° semestre\Programação Mobile\11-02\geometria\api\api.csproj", "{E0B7925C-9A24-6D69-3356-ACB7B09EADBB}"
EndProject
Project("{2150E333-8FDC-42A3-9474-1A3956D46DE8}") = "18-02", "18-02", "{367055C5-D37E-5EC1-3327-878BCE1478C4}"
EndProject
Project("{2150E333-8FDC-42A3-9474-1A3956D46DE8}") = "FolhaPagamento", "FolhaPagamento", "{BDFD7A0B-A8C0-DCCE-2D16-28BFBA69A9B7}"
EndProject
Project("{FAE04EC0-301F-11D3-BF4B-00C04F79EFBC}") = "FuncionariosApi", "3° semestre\Programação Mobile\18-02\FolhaPagamento\FuncionariosApi\FuncionariosApi.csproj", "{CB17D758-4322-9A22-E3A1-F35958F295B7}"
EndProject
Project("{2150E333-8FDC-42A3-9474-1A3956D46DE8}") = "25-02", "25-02", "{68B8F189-4F0B-1836-8345-E0CBF69032AA}"
EndProject
Project("{2150E333-8FDC-42A3-9474-1A3956D46DE8}") = "app-passaporte", "app-passaporte", "{35D4296C-9DCD-8EB4-B4F9-54484FCFC4DC}"
EndProject
Project("{FAE04EC0-301F-11D3-BF4B-00C04F79EFBC}") = "Api.Documentos", "3° semestre\Programação Mobile\25-02\app-passaporte\Api.Documentos\Api.Documentos.csproj", "{073DBEFE-3B44-4B84-0C31-D88EF5B2F352}"
EndProject
Global
	GlobalSection(SolutionConfigurationPlatforms) = preSolution
		Debug|Any CPU = Debug|Any CPU
		Release|Any CPU = Release|Any CPU
	EndGlobalSection
	GlobalSection(ProjectConfigurationPlatforms) = postSolution
		{C754BAF7-90F1-0780-8254-3CFC6BA81D99}.Debug|Any CPU.ActiveCfg = Debug|Any CPU
		{C754BAF7-90F1-0780-8254-3CFC6BA81D99}.Debug|Any CPU.Build.0 = Debug|Any CPU
		{C754BAF7-90F1-0780-8254-3CFC6BA81D99}.Release|Any CPU.ActiveCfg = Release|Any CPU
		{C754BAF7-90F1-0780-8254-3CFC6BA81D99}.Release|Any CPU.Build.0 = Release|Any CPU
		{EA10B21D-61DF-6751-3E67-EDE69FEE1733}.Debug|Any CPU.ActiveCfg = Debug|Any CPU
		{EA10B21D-61DF-6751-3E67-EDE69FEE1733}.Debug|Any CPU.Build.0 = Debug|Any CPU
		{EA10B21D-61DF-6751-3E67-EDE69FEE1733}.Release|Any CPU.ActiveCfg = Release|Any CPU
		{EA10B21D-61DF-6751-3E67-EDE69FEE1733}.Release|Any CPU.Build.0 = Release|Any CPU
		{E262691D-B222-7D2A-8531-0F9D1D585CDF}.Debug|Any CPU.ActiveCfg = Debug|Any CPU
		{E262691D-B222-7D2A-8531-0F9D1D585CDF}.Debug|Any CPU.Build.0 = Debug|Any CPU
		{E262691D-B222-7D2A-8531-0F9D1D585CDF}.Release|Any CPU.ActiveCfg = Release|Any CPU
		{E262691D-B222-7D2A-8531-0F9D1D585CDF}.Release|Any CPU.Build.0 = Release|Any CPU
		{1CE071C0-016F-6849-AD09-B79EFC072DD8}.Debug|Any CPU.ActiveCfg = Debug|Any CPU
		{1CE071C0-016F-6849-AD09-B79EFC072DD8}.Debug|Any CPU.Build.0 = Debug|Any CPU
		{1CE071C0-016F-6849-AD09-B79EFC072DD8}.Release|Any CPU.ActiveCfg = Release|Any CPU
		{1CE071C0-016F-6849-AD09-B79EFC072DD8}.Release|Any CPU.Build.0 = Release|Any CPU
		{0AC0FF23-E503-A47B-7AFB-FA1F7BB7E7DD}.Debug|Any CPU.ActiveCfg = Debug|Any CPU
		{0AC0FF23-E503-A47B-7AFB-FA1F7BB7E7DD}.Debug|Any CPU.Build.0 = Debug|Any CPU
		{0AC0FF23-E503-A47B-7AFB-FA1F7BB7E7DD}.Release|Any CPU.ActiveCfg = Release|Any CPU
		{0AC0FF23-E503-A47B-7AFB-FA1F7BB7E7DD}.Release|Any CPU.Build.0 = Release|Any CPU
		{2F339A3A-01A8-B2C4-23BB-920D68D7D5AA}.Debug|Any CPU.ActiveCfg = Debug|Any CPU
		{2F339A3A-01A8-B2C4-23BB-920D68D7D5AA}.Debug|Any CPU.Build.0 = Debug|Any CPU
		{2F339A3A-01A8-B2C4-23BB-920D68D7D5AA}.Release|Any CPU.ActiveCfg = Release|Any CPU
		{2F339A3A-01A8-B2C4-23BB-920D68D7D5AA}.Release|Any CPU.Build.0 = Release|Any CPU
		{16E5360D-3150-9976-F167-4D291380D5EB}.Debug|Any CPU.ActiveCfg = Debug|Any CPU
		{16E5360D-3150-9976-F167-4D291380D5EB}.Debug|Any CPU.Build.0 = Debug|Any CPU
		{16E5360D-3150-9976-F167-4D291380D5EB}.Release|Any CPU.ActiveCfg = Release|Any CPU
		{16E5360D-3150-9976-F167-4D291380D5EB}.Release|Any CPU.Build.0 = Release|Any CPU
		{DE543DD0-C7D3-7FD8-E2AD-FB535BA8BC42}.Debug|Any CPU.ActiveCfg = Debug|Any CPU
		{DE543DD0-C7D3-7FD8-E2AD-FB535BA8BC42}.Debug|Any CPU.Build.0 = Debug|Any CPU
		{DE543DD0-C7D3-7FD8-E2AD-FB535BA8BC42}.Release|Any CPU.ActiveCfg = Release|Any CPU
		{DE543DD0-C7D3-7FD8-E2AD-FB535BA8BC42}.Release|Any CPU.Build.0 = Release|Any CPU
		{3FF50050-D2EE-0073-DA87-3919693434CF}.Debug|Any CPU.ActiveCfg = Debug|Any CPU
		{3FF50050-D2EE-0073-DA87-3919693434CF}.Debug|Any CPU.Build.0 = Debug|Any CPU
		{3FF50050-D2EE-0073-DA87-3919693434CF}.Release|Any CPU.ActiveCfg = Release|Any CPU
		{3FF50050-D2EE-0073-DA87-3919693434CF}.Release|Any CPU.Build.0 = Release|Any CPU
		{19E4B537-6811-537B-F814-E8474EF1E787}.Debug|Any CPU.ActiveCfg = Debug|Any CPU
		{19E4B537-6811-537B-F814-E8474EF1E787}.Debug|Any CPU.Build.0 = Debug|Any CPU
		{19E4B537-6811-537B-F814-E8474EF1E787}.Release|Any CPU.ActiveCfg = Release|Any CPU
		{19E4B537-6811-537B-F814-E8474EF1E787}.Release|Any CPU.Build.0 = Release|Any CPU
		{FB2C8DF2-EFB5-8325-81A3-0977356C26F3}.Debug|Any CPU.ActiveCfg = Debug|Any CPU
		{FB2C8DF2-EFB5-8325-81A3-0977356C26F3}.Debug|Any CPU.Build.0 = Debug|Any CPU
		{FB2C8DF2-EFB5-8325-81A3-0977356C26F3}.Release|Any CPU.ActiveCfg = Release|Any CPU
		{FB2C8DF2-EFB5-8325-81A3-0977356C26F3}.Release|Any CPU.Build.0 = Release|Any CPU
		{EBEF3A7F-C8C9-08D4-A9D4-C13916971D61}.Debug|Any CPU.ActiveCfg = Debug|Any CPU
		{EBEF3A7F-C8C9-08D4-A9D4-C13916971D61}.Debug|Any CPU.Build.0 = Debug|Any CPU
		{EBEF3A7F-C8C9-08D4-A9D4-C13916971D61}.Release|Any CPU.ActiveCfg = Release|Any CPU
		{EBEF3A7F-C8C9-08D4-A9D4-C13916971D61}.Release|Any CPU.Build.0 = Release|Any CPU
		{E0B7925C-9A24-6D69-3356-ACB7B09EADBB}.Debug|Any CPU.ActiveCfg = Debug|Any CPU
		{E0B7925C-9A24-6D69-3356-ACB7B09EADBB}.Debug|Any CPU.Build.0 = Debug|Any CPU
		{E0B7925C-9A24-6D69-3356-ACB7B09EADBB}.Release|Any CPU.ActiveCfg = Release|Any CPU
		{E0B7925C-9A24-6D69-3356-ACB7B09EADBB}.Release|Any CPU.Build.0 = Release|Any CPU
		{CB17D758-4322-9A22-E3A1-F35958F295B7}.Debug|Any CPU.ActiveCfg = Debug|Any CPU
		{CB17D758-4322-9A22-E3A1-F35958F295B7}.Debug|Any CPU.Build.0 = Debug|Any CPU
		{CB17D758-4322-9A22-E3A1-F35958F295B7}.Release|Any CPU.ActiveCfg = Release|Any CPU
		{CB17D758-4322-9A22-E3A1-F35958F295B7}.Release|Any CPU.Build.0 = Release|Any CPU
		{073DBEFE-3B44-4B84-0C31-D88EF5B2F352}.Debug|Any CPU.ActiveCfg = Debug|Any CPU
		{073DBEFE-3B44-4B84-0C31-D88EF5B2F352}.Debug|Any CPU.Build.0 = Debug|Any CPU
		{073DBEFE-3B44-4B84-0C31-D88EF5B2F352}.Release|Any CPU.ActiveCfg = Release|Any CPU
		{073DBEFE-3B44-4B84-0C31-D88EF5B2F352}.Release|Any CPU.Build.0 = Release|Any CPU
	EndGlobalSection
	GlobalSection(SolutionProperties) = preSolution
		HideSolutionNode = FALSE
	EndGlobalSection
	GlobalSection(NestedProjects) = preSolution
		{187A0762-CFEA-0096-9215-525BA74ABAB5} = {41209FAD-C4B1-FC17-86A0-D92655A0F3AE}
		{5D2A950F-5AB5-BF72-9FB3-C20486A6FCEA} = {187A0762-CFEA-0096-9215-525BA74ABAB5}
		{C754BAF7-90F1-0780-8254-3CFC6BA81D99} = {5D2A950F-5AB5-BF72-9FB3-C20486A6FCEA}
		{2E0F9DC8-0ECA-7395-C30C-8612F7D9A044} = {187A0762-CFEA-0096-9215-525BA74ABAB5}
		{EA10B21D-61DF-6751-3E67-EDE69FEE1733} = {2E0F9DC8-0ECA-7395-C30C-8612F7D9A044}
		{E262691D-B222-7D2A-8531-0F9D1D585CDF} = {2E0F9DC8-0ECA-7395-C30C-8612F7D9A044}
		{1CE071C0-016F-6849-AD09-B79EFC072DD8} = {2E0F9DC8-0ECA-7395-C30C-8612F7D9A044}
		{9545296A-0F66-16BE-774E-35B29D24681F} = {187A0762-CFEA-0096-9215-525BA74ABAB5}
		{0AC0FF23-E503-A47B-7AFB-FA1F7BB7E7DD} = {9545296A-0F66-16BE-774E-35B29D24681F}
		{1FE436BE-5200-E7BB-2B6A-D04433A36387} = {187A0762-CFEA-0096-9215-525BA74ABAB5}
		{2F339A3A-01A8-B2C4-23BB-920D68D7D5AA} = {1FE436BE-5200-E7BB-2B6A-D04433A36387}
		{385233C4-51D1-4F97-50C8-2BFE4B1C3E0D} = {187A0762-CFEA-0096-9215-525BA74ABAB5}
		{2D902D4A-5728-AE00-3363-8E506087900A} = {385233C4-51D1-4F97-50C8-2BFE4B1C3E0D}
		{16E5360D-3150-9976-F167-4D291380D5EB} = {2D902D4A-5728-AE00-3363-8E506087900A}
		{FAB01CE3-27E9-5E10-3C7C-EF621524C298} = {385233C4-51D1-4F97-50C8-2BFE4B1C3E0D}
		{DE543DD0-C7D3-7FD8-E2AD-FB535BA8BC42} = {FAB01CE3-27E9-5E10-3C7C-EF621524C298}
		{76E976FE-C75A-53A1-F6E9-956AB5570640} = {9545296A-0F66-16BE-774E-35B29D24681F}
		{3FF50050-D2EE-0073-DA87-3919693434CF} = {76E976FE-C75A-53A1-F6E9-956AB5570640}
		{19E4B537-6811-537B-F814-E8474EF1E787} = {76E976FE-C75A-53A1-F6E9-956AB5570640}
		{35813E79-8740-0A31-89E2-2301CC18838D} = {41209FAD-C4B1-FC17-86A0-D92655A0F3AE}
		{07281DE0-057D-E715-4747-5DF576814F29} = {35813E79-8740-0A31-89E2-2301CC18838D}
		{6C37E041-C1F7-B7F9-AA2F-C41276E48A4C} = {07281DE0-057D-E715-4747-5DF576814F29}
		{FB2C8DF2-EFB5-8325-81A3-0977356C26F3} = {6C37E041-C1F7-B7F9-AA2F-C41276E48A4C}
		{2DB44121-FFF6-8BE3-50B8-52FF6AAD3336} = {35813E79-8740-0A31-89E2-2301CC18838D}
		{2A433668-12A2-0C02-EE45-E8A21DD5A69B} = {2DB44121-FFF6-8BE3-50B8-52FF6AAD3336}
		{EBEF3A7F-C8C9-08D4-A9D4-C13916971D61} = {2A433668-12A2-0C02-EE45-E8A21DD5A69B}
		{1D11EE90-4487-A507-DE8B-8513039BBB8D} = {41209FAD-C4B1-FC17-86A0-D92655A0F3AE}
		{A6A4C178-399C-8F30-7881-833F15965FE0} = {1D11EE90-4487-A507-DE8B-8513039BBB8D}
		{8C76FB53-2F8A-F50F-3748-3FFF2E9CB70D} = {A6A4C178-399C-8F30-7881-833F15965FE0}
		{E0B7925C-9A24-6D69-3356-ACB7B09EADBB} = {8C76FB53-2F8A-F50F-3748-3FFF2E9CB70D}
		{367055C5-D37E-5EC1-3327-878BCE1478C4} = {1D11EE90-4487-A507-DE8B-8513039BBB8D}
		{BDFD7A0B-A8C0-DCCE-2D16-28BFBA69A9B7} = {367055C5-D37E-5EC1-3327-878BCE1478C4}
		{CB17D758-4322-9A22-E3A1-F35958F295B7} = {BDFD7A0B-A8C0-DCCE-2D16-28BFBA69A9B7}
		{68B8F189-4F0B-1836-8345-E0CBF69032AA} = {1D11EE90-4487-A507-DE8B-8513039BBB8D}
		{35D4296C-9DCD-8EB4-B4F9-54484FCFC4DC} = {68B8F189-4F0B-1836-8345-E0CBF69032AA}
		{073DBEFE-3B44-4B84-0C31-D88EF5B2F352} = {35D4296C-9DCD-8EB4-B4F9-54484FCFC4DC}
	EndGlobalSection
	GlobalSection(ExtensibilityGlobals) = postSolution
		SolutionGuid = {70E15578-14AF-4FA8-BD73-92051CF4E73A}
	EndGlobalSection
EndGlobal
