
Microsoft Visual Studio Solution File, Format Version 12.00
# Visual Studio Version 17
VisualStudioVersion = 17.5.2.0
MinimumVisualStudioVersion = 10.0.40219.1
Project("{2150E333-8FDC-42A3-9474-1A3956D46DE8}") = "3° semestre", "3° semestre", "{41209FAD-C4B1-FC17-86A0-D92655A0F3AE}"
EndProject
Project("{2150E333-8FDC-42A3-9474-1A3956D46DE8}") = "Programação Back-End", "Programação Back-End", "{187A0762-CFEA-0096-9215-525BA74ABAB5}"
EndProject
Project("{2150E333-8FDC-42A3-9474-1A3956D46DE8}") = "06-02", "06-02", "{5D2A950F-5AB5-BF72-9FB3-C20486A6FCEA}"
EndProject
Project("{FAE04EC0-301F-11D3-BF4B-00C04F79EFBC}") = "AtividadesAPI", "3° semestre\Programação Back-End\06-02\AtividadesAPI\AtividadesAPI.csproj", "{C754BAF7-90F1-0780-8254-3CFC6BA81D99}"
EndProject
Project("{2150E333-8FDC-42A3-9474-1A3956D46DE8}") = "30-01", "30-01", "{1FE436BE-5200-E7BB-2B6A-D04433A36387}"
EndProject
Project("{FAE04EC0-301F-11D3-BF4B-00C04F79EFBC}") = "primeira-api", "3° semestre\Programação Back-End\30-01\primeira-api\primeira-api.csproj", "{2F339A3A-01A8-B2C4-23BB-920D68D7D5AA}"
EndProject
Project("{2150E333-8FDC-42A3-9474-1A3956D46DE8}") = "Programação Front-End", "Programação Front-End", "{35813E79-8740-0A31-89E2-2301CC18838D}"
EndProject
Project("{2150E333-8FDC-42A3-9474-1A3956D46DE8}") = "04-02", "04-02", "{07281DE0-057D-E715-4747-5DF576814F29}"
EndProject
Project("{2150E333-8FDC-42A3-9474-1A3956D46DE8}") = "previsao_tempo", "previsao_tempo", "{6C37E041-C1F7-B7F9-AA2F-C41276E48A4C}"
EndProject
Project("{FAE04EC0-301F-11D3-BF4B-00C04F79EFBC}") = "api", "3° semestre\Programação Front-End\04-02\previsao_tempo\api\api.csproj", "{FB2C8DF2-EFB5-8325-81A3-0977356C26F3}"
EndProject
Global
	GlobalSection(SolutionConfigurationPlatforms) = preSolution
		Debug|Any CPU = Debug|Any CPU
		Release|Any CPU = Release|Any CPU
	EndGlobalSection
	GlobalSection(ProjectConfigurationPlatforms) = postSolution
		{C754BAF7-90F1-0780-8254-3CFC6BA81D99}.Debug|Any CPU.ActiveCfg = Debug|Any CPU
		{C754BAF7-90F1-0780-8254-3CFC6BA81D99}.Debug|Any CPU.Build.0 = Debug|Any CPU
		{C754BAF7-90F1-0780-8254-3CFC6BA81D99}.Release|Any CPU.ActiveCfg = Release|Any CPU
		{C754BAF7-90F1-0780-8254-3CFC6BA81D99}.Release|Any CPU.Build.0 = Release|Any CPU
		{2F339A3A-01A8-B2C4-23BB-920D68D7D5AA}.Debug|Any CPU.ActiveCfg = Debug|Any CPU
		{2F339A3A-01A8-B2C4-23BB-920D68D7D5AA}.Debug|Any CPU.Build.0 = Debug|Any CPU
		{2F339A3A-01A8-B2C4-23BB-920D68D7D5AA}.Release|Any CPU.ActiveCfg = Release|Any CPU
		{2F339A3A-01A8-B2C4-23BB-920D68D7D5AA}.Release|Any CPU.Build.0 = Release|Any CPU
		{FB2C8DF2-EFB5-8325-81A3-0977356C26F3}.Debug|Any CPU.ActiveCfg = Debug|Any CPU
		{FB2C8DF2-EFB5-8325-81A3-0977356C26F3}.Debug|Any CPU.Build.0 = Debug|Any CPU
		{FB2C8DF2-EFB5-8325-81A3-0977356C26F3}.Release|Any CPU.ActiveCfg = Release|Any CPU
		{FB2C8DF2-EFB5-8325-81A3-0977356C26F3}.Release|Any CPU.Build.0 = Release|Any CPU
	EndGlobalSection
	GlobalSection(SolutionProperties) = preSolution
		HideSolutionNode = FALSE
	EndGlobalSection
	GlobalSection(NestedProjects) = preSolution
		{187A0762-CFEA-0096-9215-525BA74ABAB5} = {41209FAD-C4B1-FC17-86A0-D92655A0F3AE}
		{5D2A950F-5AB5-BF72-9FB3-C20486A6FCEA} = {187A0762-CFEA-0096-9215-525BA74ABAB5}
		{C754BAF7-90F1-0780-8254-3CFC6BA81D99} = {5D2A950F-5AB5-BF72-9FB3-C20486A6FCEA}
		{1FE436BE-5200-E7BB-2B6A-D04433A36387} = {187A0762-CFEA-0096-9215-525BA74ABAB5}
		{2F339A3A-01A8-B2C4-23BB-920D68D7D5AA} = {1FE436BE-5200-E7BB-2B6A-D04433A36387}
		{35813E79-8740-0A31-89E2-2301CC18838D} = {41209FAD-C4B1-FC17-86A0-D92655A0F3AE}
		{07281DE0-057D-E715-4747-5DF576814F29} = {35813E79-8740-0A31-89E2-2301CC18838D}
		{6C37E041-C1F7-B7F9-AA2F-C41276E48A4C} = {07281DE0-057D-E715-4747-5DF576814F29}
		{FB2C8DF2-EFB5-8325-81A3-0977356C26F3} = {6C37E041-C1F7-B7F9-AA2F-C41276E48A4C}
	EndGlobalSection
	GlobalSection(ExtensibilityGlobals) = postSolution
		SolutionGuid = {17314518-DD7F-45F8-957F-D3876013387F}
	EndGlobalSection
EndGlobal
