
Microsoft Visual Studio Solution File, Format Version 12.00
# Visual Studio Version 17
VisualStudioVersion = 17.5.2.0
MinimumVisualStudioVersion = 10.0.40219.1
Project("{2150E333-8FDC-42A3-9474-1A3956D46DE8}") = "3° semestre", "3° semestre", "{41209FAD-C4B1-FC17-86A0-D92655A0F3AE}"
EndProject
Project("{2150E333-8FDC-42A3-9474-1A3956D46DE8}") = "Programação Back-End", "Programação Back-End", "{187A0762-CFEA-0096-9215-525BA74ABAB5}"
EndProject
Project("{2150E333-8FDC-42A3-9474-1A3956D46DE8}") = "06-02", "06-02", "{5D2A950F-5AB5-BF72-9FB3-C20486A6FCEA}"
EndProject
Project("{FAE04EC0-301F-11D3-BF4B-00C04F79EFBC}") = "AtividadesAPI", "3° semestre\Programação Back-End\06-02\AtividadesAPI\AtividadesAPI.csproj", "{C754BAF7-90F1-0780-8254-3CFC6BA81D99}"
EndProject
Project("{2150E333-8FDC-42A3-9474-1A3956D46DE8}") = "20-02", "20-02", "{2E0F9DC8-0ECA-7395-C30C-8612F7D9A044}"
EndProject
Project("{FAE04EC0-301F-11D3-BF4B-00C04F79EFBC}") = "Api.Docs", "3° semestre\Programação Back-End\20-02\Api.Docs\Api.Docs.csproj", "{EA10B21D-61DF-6751-3E67-EDE69FEE1733}"
EndProject
Project("{FAE04EC0-301F-11D3-BF4B-00C04F79EFBC}") = "Api.Documentos", "3° semestre\Programação Back-End\20-02\Api.Documentos\Api.Documentos.csproj", "{E262691D-B222-7D2A-8531-0F9D1D585CDF}"
EndProject
Project("{FAE04EC0-301F-11D3-BF4B-00C04F79EFBC}") = "Api.Passaporte", "3° semestre\Programação Back-End\20-02\Api.Passaporte\Api.Passaporte.csproj", "{1CE071C0-016F-6849-AD09-B79EFC072DD8}"
EndProject
Project("{2150E333-8FDC-42A3-9474-1A3956D46DE8}") = "27-02", "27-02", "{9545296A-0F66-16BE-774E-35B29D24681F}"
EndProject
Project("{FAE04EC0-301F-11D3-BF4B-00C04F79EFBC}") = "cozinha-api", "3° semestre\Programação Back-End\27-02\cozinha-api\cozinha-api.csproj", "{0AC0FF23-E503-A47B-7AFB-FA1F7BB7E7DD}"
EndProject
Project("{2150E333-8FDC-42A3-9474-1A3956D46DE8}") = "30-01", "30-01", "{1FE436BE-5200-E7BB-2B6A-D04433A36387}"
EndProject
Project("{FAE04EC0-301F-11D3-BF4B-00C04F79EFBC}") = "primeira-api", "3° semestre\Programação Back-End\30-01\primeira-api\primeira-api.csproj", "{2F339A3A-01A8-B2C4-23BB-920D68D7D5AA}"
EndProject
Project("{2150E333-8FDC-42A3-9474-1A3956D46DE8}") = "06-03", "06-03", "{8F7A0131-D012-1B5E-284A-0BDD92837F9A}"
EndProject
Project("{2150E333-8FDC-42A3-9474-1A3956D46DE8}") = "CorridaMaluca", "CorridaMaluca", "{96347EC7-4FB1-6277-86BB-B73BAB868B10}"
EndProject
Project("{FAE04EC0-301F-11D3-BF4B-00C04F79EFBC}") = "CorridaMaluca", "3° semestre\Programação Back-End\06-03\CorridaMaluca\CorridaMaluca\CorridaMaluca.csproj", "{F6D96845-6374-FED7-C66C-DD07D6CC44DF}"
EndProject
Project("{FAE04EC0-301F-11D3-BF4B-00C04F79EFBC}") = "EquipeDomain", "3° semestre\Programação Back-End\06-03\CorridaMaluca\EquipeDomain\EquipeDomain.csproj", "{B418CB9C-C1C8-1289-09A1-782333AFACEC}"
EndProject
Project("{FAE04EC0-301F-11D3-BF4B-00C04F79EFBC}") = "PilotoDomain", "3° semestre\Programação Back-End\06-03\CorridaMaluca\PilotoDomain\PilotoDomain.csproj", "{7C1F9C38-1D0D-4D0F-F928-AC5D9D1A8264}"
EndProject
Project("{FAE04EC0-301F-11D3-BF4B-00C04F79EFBC}") = "VendaDomain", "3° semestre\Programação Back-End\06-03\CorridaMaluca\VendaDomain\VendaDomain.csproj", "{C9A30533-CF2C-34DB-71DB-3E170795223E}"
EndProject
Project("{2150E333-8FDC-42A3-9474-1A3956D46DE8}") = "Curso", "Curso", "{991B5A62-08AB-FD5B-9627-D89C14047F8D}"
EndProject
Project("{FAE04EC0-301F-11D3-BF4B-00C04F79EFBC}") = "Curso", "3° semestre\Programação Back-End\06-03\Curso\Curso\Curso.csproj", "{D278E576-5446-2C7F-F09B-112C5131D782}"
EndProject
Project("{FAE04EC0-301F-11D3-BF4B-00C04F79EFBC}") = "CursoDomain", "3° semestre\Programação Back-End\06-03\Curso\CursoDomain\CursoDomain.csproj", "{A74C33C1-59F7-83C5-9E83-340FB09DA3FB}"
EndProject
Project("{2150E333-8FDC-42A3-9474-1A3956D46DE8}") = "10-04", "10-04", "{2DABC4C0-616F-EBAD-51A3-DAB5005D5A91}"
EndProject
Project("{2150E333-8FDC-42A3-9474-1A3956D46DE8}") = "ControleEstoque", "ControleEstoque", "{9563847C-A3F3-C546-A3A2-CE02449B39BB}"
EndProject
Project("{FAE04EC0-301F-11D3-BF4B-00C04F79EFBC}") = "ApiControleEstoque", "3° semestre\Programação Back-End\10-04\ControleEstoque\ApiControleEstoque\ApiControleEstoque.csproj", "{C1E0ACF5-460B-DE74-913F-C9957239B33B}"
EndProject
Project("{FAE04EC0-301F-11D3-BF4B-00C04F79EFBC}") = "OperacionalDomain", "3° semestre\Programação Back-End\10-04\ControleEstoque\OperacionalDomain\OperacionalDomain.csproj", "{BE1CB933-0E5D-F2E3-AD7B-F1C355DE873C}"
EndProject
Project("{FAE04EC0-301F-11D3-BF4B-00C04F79EFBC}") = "ProdutoDomain", "3° semestre\Programação Back-End\10-04\ControleEstoque\ProdutoDomain\ProdutoDomain.csproj", "{E76A7A45-74E5-550B-8DC0-AF5E2FA04D47}"
EndProject
Project("{2150E333-8FDC-42A3-9474-1A3956D46DE8}") = "13-02", "13-02", "{385233C4-51D1-4F97-50C8-2BFE4B1C3E0D}"
EndProject
Project("{2150E333-8FDC-42A3-9474-1A3956D46DE8}") = "CalculoFormas", "CalculoFormas", "{2D902D4A-5728-AE00-3363-8E506087900A}"
EndProject
Project("{FAE04EC0-301F-11D3-BF4B-00C04F79EFBC}") = "Calculo.Formas", "3° semestre\Programação Back-End\13-02\CalculoFormas\Calculo.Formas\Calculo.Formas.csproj", "{16E5360D-3150-9976-F167-4D291380D5EB}"
EndProject
Project("{2150E333-8FDC-42A3-9474-1A3956D46DE8}") = "FolhaPagamento", "FolhaPagamento", "{FAB01CE3-27E9-5E10-3C7C-EF621524C298}"
EndProject
Project("{FAE04EC0-301F-11D3-BF4B-00C04F79EFBC}") = "FuncionariosApi", "3° semestre\Programação Back-End\13-02\FolhaPagamento\FuncionariosApi\FuncionariosApi.csproj", "{DE543DD0-C7D3-7FD8-E2AD-FB535BA8BC42}"
EndProject
Project("{2150E333-8FDC-42A3-9474-1A3956D46DE8}") = "13-03", "13-03", "{CECFC847-5CD1-F781-B254-43E0B706429D}"
EndProject
Project("{2150E333-8FDC-42A3-9474-1A3956D46DE8}") = "ControleEstoque", "ControleEstoque", "{A7880FBD-7991-381E-C7FE-59EF9FAD2D0E}"
EndProject
Project("{FAE04EC0-301F-11D3-BF4B-00C04F79EFBC}") = "ApiControleEstoque", "3° semestre\Programação Back-End\13-03\ControleEstoque\ApiControleEstoque\ApiControleEstoque.csproj", "{16EC4FF6-5191-00CC-CAFD-B0A472E68010}"
EndProject
Project("{FAE04EC0-301F-11D3-BF4B-00C04F79EFBC}") = "OperacionalDomain", "3° semestre\Programação Back-End\13-03\ControleEstoque\OperacionalDomain\OperacionalDomain.csproj", "{CB21A80B-4530-2919-3311-32E56DD9FFC8}"
EndProject
Project("{FAE04EC0-301F-11D3-BF4B-00C04F79EFBC}") = "ProdutoDomain", "3° semestre\Programação Back-End\13-03\ControleEstoque\ProdutoDomain\ProdutoDomain.csproj", "{05C56FCD-2732-16E0-3F1A-FA4F55F279B0}"
EndProject
Project("{2150E333-8FDC-42A3-9474-1A3956D46DE8}") = "17-04", "17-04", "{3542B259-04EF-825C-B186-06219AB7B5E1}"
EndProject
Project("{2150E333-8FDC-42A3-9474-1A3956D46DE8}") = "ControleEstoque", "ControleEstoque", "{B53A6815-19A7-CE59-AA87-4AACF7B163BF}"
EndProject
Project("{FAE04EC0-301F-11D3-BF4B-00C04F79EFBC}") = "ApiControleEstoque", "3° semestre\Programação Back-End\17-04\ControleEstoque\ApiControleEstoque\ApiControleEstoque.csproj", "{EFC404AB-0A89-B122-81DB-59A7C0771895}"
EndProject
Project("{FAE04EC0-301F-11D3-BF4B-00C04F79EFBC}") = "OperacionalDomain", "3° semestre\Programação Back-End\17-04\ControleEstoque\OperacionalDomain\OperacionalDomain.csproj", "{1BABE5C1-F43B-628E-06F8-0DBB038FEC71}"
EndProject
Project("{FAE04EC0-301F-11D3-BF4B-00C04F79EFBC}") = "ProdutoDomain", "3° semestre\Programação Back-End\17-04\ControleEstoque\ProdutoDomain\ProdutoDomain.csproj", "{AFADF772-1DA3-438A-B6D0-8EDD1F7599C3}"
EndProject
Project("{2150E333-8FDC-42A3-9474-1A3956D46DE8}") = "20-03", "20-03", "{A5257371-8B0A-CFC6-3152-65EB42B35BD9}"
EndProject
Project("{2150E333-8FDC-42A3-9474-1A3956D46DE8}") = "zoologico", "zoologico", "{D7A0F089-13FC-2C7F-932C-77258A3EEC5E}"
EndProject
Project("{FAE04EC0-301F-11D3-BF4B-00C04F79EFBC}") = "AnimalDomain", "3° semestre\Programação Back-End\20-03\zoologico\AnimalDomain\AnimalDomain.csproj", "{187A8370-742B-619B-F540-EEBAB5A03FFC}"
EndProject
Project("{FAE04EC0-301F-11D3-BF4B-00C04F79EFBC}") = "zoologico", "3° semestre\Programação Back-End\20-03\zoologico\zoologico\zoologico.csproj", "{6EC05DAE-B938-D208-58CF-494456FDEE12}"
EndProject
Project("{2150E333-8FDC-42A3-9474-1A3956D46DE8}") = "24-04", "24-04", "{A5295C1C-7B82-DB60-DEB4-0DCFE55167DD}"
EndProject
Project("{2150E333-8FDC-42A3-9474-1A3956D46DE8}") = "ControleEstoque", "ControleEstoque", "{1E616F17-6B97-B542-0A40-B5EC38943226}"
EndProject
Project("{FAE04EC0-301F-11D3-BF4B-00C04F79EFBC}") = "ApiControleEstoque", "3° semestre\Programação Back-End\24-04\ControleEstoque\ApiControleEstoque\ApiControleEstoque.csproj", "{2EC442B7-EB5B-8A6B-8AD7-32BCDBA01222}"
EndProject
Project("{FAE04EC0-301F-11D3-BF4B-00C04F79EFBC}") = "OperacionalDomain", "3° semestre\Programação Back-End\24-04\ControleEstoque\OperacionalDomain\OperacionalDomain.csproj", "{482D5607-8C49-10FC-05D9-23311BA91E25}"
EndProject
Project("{FAE04EC0-301F-11D3-BF4B-00C04F79EFBC}") = "ProdutoDomain", "3° semestre\Programação Back-End\24-04\ControleEstoque\ProdutoDomain\ProdutoDomain.csproj", "{826E3C06-29AA-4287-531D-23FB4446B921}"
EndProject
Project("{2150E333-8FDC-42A3-9474-1A3956D46DE8}") = "Corrida", "Corrida", "{0EA9BFE8-BCE8-6F78-EAFF-B8748F848151}"
EndProject
Project("{FAE04EC0-301F-11D3-BF4B-00C04F79EFBC}") = "EquipeLib", "3° semestre\Programação Back-End\27-02\Corrida\EquipeLib\EquipeLib.csproj", "{320DCD19-2F53-4E08-4335-365CCABE5957}"
EndProject
Project("{FAE04EC0-301F-11D3-BF4B-00C04F79EFBC}") = "PilotoLib", "3° semestre\Programação Back-End\27-02\Corrida\PilotoLib\PilotoLib.csproj", "{0E49A1D8-03B3-7835-D566-6F70AF69A6F4}"
EndProject
Project("{FAE04EC0-301F-11D3-BF4B-00C04F79EFBC}") = "ZigZagCorrida", "3° semestre\Programação Back-End\27-02\Corrida\ZigZagCorrida\ZigZagCorrida.csproj", "{877DAB62-B4D4-4181-3C8B-E84F42E849EB}"
EndProject
Project("{2150E333-8FDC-42A3-9474-1A3956D46DE8}") = "ModificadoresAcesso", "ModificadoresAcesso", "{76E976FE-C75A-53A1-F6E9-956AB5570640}"
EndProject
Project("{FAE04EC0-301F-11D3-BF4B-00C04F79EFBC}") = "BibliotecaClasses1", "3° semestre\Programação Back-End\27-02\ModificadoresAcesso\BibliotecaClasses1\BibliotecaClasses1.csproj", "{3FF50050-D2EE-0073-DA87-3919693434CF}"
EndProject
Project("{FAE04EC0-301F-11D3-BF4B-00C04F79EFBC}") = "Console1", "3° semestre\Programação Back-End\27-02\ModificadoresAcesso\Console1\Console1.csproj", "{19E4B537-6811-537B-F814-E8474EF1E787}"
EndProject
Project("{2150E333-8FDC-42A3-9474-1A3956D46DE8}") = "27-03", "27-03", "{8EB577B1-D3E6-9A2B-A34B-CD65312F5257}"
EndProject
Project("{2150E333-8FDC-42A3-9474-1A3956D46DE8}") = "ControleEstoque", "ControleEstoque", "{CBBA2940-798C-F31F-797E-5FF01711CAF8}"
EndProject
Project("{FAE04EC0-301F-11D3-BF4B-00C04F79EFBC}") = "ApiControleEstoque", "3° semestre\Programação Back-End\27-03\ControleEstoque\ApiControleEstoque\ApiControleEstoque.csproj", "{CBFE4A3B-D1F8-1DB3-97F2-1763920C5CBC}"
EndProject
Project("{FAE04EC0-301F-11D3-BF4B-00C04F79EFBC}") = "OperacionalDomain", "3° semestre\Programação Back-End\27-03\ControleEstoque\OperacionalDomain\OperacionalDomain.csproj", "{C7824F8E-54C3-F9F5-72FD-DE651DEF33BE}"
EndProject
Project("{FAE04EC0-301F-11D3-BF4B-00C04F79EFBC}") = "ProdutoDomain", "3° semestre\Programação Back-End\27-03\ControleEstoque\ProdutoDomain\ProdutoDomain.csproj", "{A8E752C9-60B3-89B3-3F85-59BD5EFB699A}"
EndProject
Project("{2150E333-8FDC-42A3-9474-1A3956D46DE8}") = "Programação Front-End", "Programação Front-End", "{35813E79-8740-0A31-89E2-2301CC18838D}"
EndProject
Project("{2150E333-8FDC-42A3-9474-1A3956D46DE8}") = "04-02", "04-02", "{07281DE0-057D-E715-4747-5DF576814F29}"
EndProject
Project("{2150E333-8FDC-42A3-9474-1A3956D46DE8}") = "previsao_tempo", "previsao_tempo", "{6C37E041-C1F7-B7F9-AA2F-C41276E48A4C}"
EndProject
Project("{FAE04EC0-301F-11D3-BF4B-00C04F79EFBC}") = "api", "3° semestre\Programação Front-End\04-02\previsao_tempo\api\api.csproj", "{FB2C8DF2-EFB5-8325-81A3-0977356C26F3}"
EndProject
Project("{2150E333-8FDC-42A3-9474-1A3956D46DE8}") = "18-02", "18-02", "{2DB44121-FFF6-8BE3-50B8-52FF6AAD3336}"
EndProject
Project("{2150E333-8FDC-42A3-9474-1A3956D46DE8}") = "FolhaPagamento", "FolhaPagamento", "{2A433668-12A2-0C02-EE45-E8A21DD5A69B}"
EndProject
Project("{FAE04EC0-301F-11D3-BF4B-00C04F79EFBC}") = "FuncionariosApi", "3° semestre\Programação Front-End\18-02\FolhaPagamento\FuncionariosApi\FuncionariosApi.csproj", "{EBEF3A7F-C8C9-08D4-A9D4-C13916971D61}"
EndProject
Project("{2150E333-8FDC-42A3-9474-1A3956D46DE8}") = "Programação Mobile", "Programação Mobile", "{1D11EE90-4487-A507-DE8B-8513039BBB8D}"
EndProject
Project("{2150E333-8FDC-42A3-9474-1A3956D46DE8}") = "11-02", "11-02", "{A6A4C178-399C-8F30-7881-833F15965FE0}"
EndProject
Project("{2150E333-8FDC-42A3-9474-1A3956D46DE8}") = "geometria", "geometria", "{8C76FB53-2F8A-F50F-3748-3FFF2E9CB70D}"
EndProject
Project("{FAE04EC0-301F-11D3-BF4B-00C04F79EFBC}") = "api", "3° semestre\Programação Mobile\11-02\geometria\api\api.csproj", "{E0B7925C-9A24-6D69-3356-ACB7B09EADBB}"
EndProject
Project("{2150E333-8FDC-42A3-9474-1A3956D46DE8}") = "18-02", "18-02", "{367055C5-D37E-5EC1-3327-878BCE1478C4}"
EndProject
Project("{2150E333-8FDC-42A3-9474-1A3956D46DE8}") = "FolhaPagamento", "FolhaPagamento", "{BDFD7A0B-A8C0-DCCE-2D16-28BFBA69A9B7}"
EndProject
Project("{FAE04EC0-301F-11D3-BF4B-00C04F79EFBC}") = "FuncionariosApi", "3° semestre\Programação Mobile\18-02\FolhaPagamento\FuncionariosApi\FuncionariosApi.csproj", "{CB17D758-4322-9A22-E3A1-F35958F295B7}"
EndProject
Project("{2150E333-8FDC-42A3-9474-1A3956D46DE8}") = "25-02", "25-02", "{68B8F189-4F0B-1836-8345-E0CBF69032AA}"
EndProject
Project("{2150E333-8FDC-42A3-9474-1A3956D46DE8}") = "app-passaporte", "app-passaporte", "{35D4296C-9DCD-8EB4-B4F9-54484FCFC4DC}"
EndProject
Project("{FAE04EC0-301F-11D3-BF4B-00C04F79EFBC}") = "Api.Documentos", "3° semestre\Programação Mobile\25-02\app-passaporte\Api.Documentos\Api.Documentos.csproj", "{073DBEFE-3B44-4B84-0C31-D88EF5B2F352}"
EndProject
Global
	GlobalSection(SolutionConfigurationPlatforms) = preSolution
		Debug|Any CPU = Debug|Any CPU
		Release|Any CPU = Release|Any CPU
	EndGlobalSection
	GlobalSection(ProjectConfigurationPlatforms) = postSolution
		{C754BAF7-90F1-0780-8254-3CFC6BA81D99}.Debug|Any CPU.ActiveCfg = Debug|Any CPU
		{C754BAF7-90F1-0780-8254-3CFC6BA81D99}.Debug|Any CPU.Build.0 = Debug|Any CPU
		{C754BAF7-90F1-0780-8254-3CFC6BA81D99}.Release|Any CPU.ActiveCfg = Release|Any CPU
		{C754BAF7-90F1-0780-8254-3CFC6BA81D99}.Release|Any CPU.Build.0 = Release|Any CPU
		{EA10B21D-61DF-6751-3E67-EDE69FEE1733}.Debug|Any CPU.ActiveCfg = Debug|Any CPU
		{EA10B21D-61DF-6751-3E67-EDE69FEE1733}.Debug|Any CPU.Build.0 = Debug|Any CPU
		{EA10B21D-61DF-6751-3E67-EDE69FEE1733}.Release|Any CPU.ActiveCfg = Release|Any CPU
		{EA10B21D-61DF-6751-3E67-EDE69FEE1733}.Release|Any CPU.Build.0 = Release|Any CPU
		{E262691D-B222-7D2A-8531-0F9D1D585CDF}.Debug|Any CPU.ActiveCfg = Debug|Any CPU
		{E262691D-B222-7D2A-8531-0F9D1D585CDF}.Debug|Any CPU.Build.0 = Debug|Any CPU
		{E262691D-B222-7D2A-8531-0F9D1D585CDF}.Release|Any CPU.ActiveCfg = Release|Any CPU
		{E262691D-B222-7D2A-8531-0F9D1D585CDF}.Release|Any CPU.Build.0 = Release|Any CPU
		{1CE071C0-016F-6849-AD09-B79EFC072DD8}.Debug|Any CPU.ActiveCfg = Debug|Any CPU
		{1CE071C0-016F-6849-AD09-B79EFC072DD8}.Debug|Any CPU.Build.0 = Debug|Any CPU
		{1CE071C0-016F-6849-AD09-B79EFC072DD8}.Release|Any CPU.ActiveCfg = Release|Any CPU
		{1CE071C0-016F-6849-AD09-B79EFC072DD8}.Release|Any CPU.Build.0 = Release|Any CPU
		{0AC0FF23-E503-A47B-7AFB-FA1F7BB7E7DD}.Debug|Any CPU.ActiveCfg = Debug|Any CPU
		{0AC0FF23-E503-A47B-7AFB-FA1F7BB7E7DD}.Debug|Any CPU.Build.0 = Debug|Any CPU
		{0AC0FF23-E503-A47B-7AFB-FA1F7BB7E7DD}.Release|Any CPU.ActiveCfg = Release|Any CPU
		{0AC0FF23-E503-A47B-7AFB-FA1F7BB7E7DD}.Release|Any CPU.Build.0 = Release|Any CPU
		{2F339A3A-01A8-B2C4-23BB-920D68D7D5AA}.Debug|Any CPU.ActiveCfg = Debug|Any CPU
		{2F339A3A-01A8-B2C4-23BB-920D68D7D5AA}.Debug|Any CPU.Build.0 = Debug|Any CPU
		{2F339A3A-01A8-B2C4-23BB-920D68D7D5AA}.Release|Any CPU.ActiveCfg = Release|Any CPU
		{2F339A3A-01A8-B2C4-23BB-920D68D7D5AA}.Release|Any CPU.Build.0 = Release|Any CPU
		{F6D96845-6374-FED7-C66C-DD07D6CC44DF}.Debug|Any CPU.ActiveCfg = Debug|Any CPU
		{F6D96845-6374-FED7-C66C-DD07D6CC44DF}.Debug|Any CPU.Build.0 = Debug|Any CPU
		{F6D96845-6374-FED7-C66C-DD07D6CC44DF}.Release|Any CPU.ActiveCfg = Release|Any CPU
		{F6D96845-6374-FED7-C66C-DD07D6CC44DF}.Release|Any CPU.Build.0 = Release|Any CPU
		{B418CB9C-C1C8-1289-09A1-782333AFACEC}.Debug|Any CPU.ActiveCfg = Debug|Any CPU
		{B418CB9C-C1C8-1289-09A1-782333AFACEC}.Debug|Any CPU.Build.0 = Debug|Any CPU
		{B418CB9C-C1C8-1289-09A1-782333AFACEC}.Release|Any CPU.ActiveCfg = Release|Any CPU
		{B418CB9C-C1C8-1289-09A1-782333AFACEC}.Release|Any CPU.Build.0 = Release|Any CPU
		{7C1F9C38-1D0D-4D0F-F928-AC5D9D1A8264}.Debug|Any CPU.ActiveCfg = Debug|Any CPU
		{7C1F9C38-1D0D-4D0F-F928-AC5D9D1A8264}.Debug|Any CPU.Build.0 = Debug|Any CPU
		{7C1F9C38-1D0D-4D0F-F928-AC5D9D1A8264}.Release|Any CPU.ActiveCfg = Release|Any CPU
		{7C1F9C38-1D0D-4D0F-F928-AC5D9D1A8264}.Release|Any CPU.Build.0 = Release|Any CPU
		{C9A30533-CF2C-34DB-71DB-3E170795223E}.Debug|Any CPU.ActiveCfg = Debug|Any CPU
		{C9A30533-CF2C-34DB-71DB-3E170795223E}.Debug|Any CPU.Build.0 = Debug|Any CPU
		{C9A30533-CF2C-34DB-71DB-3E170795223E}.Release|Any CPU.ActiveCfg = Release|Any CPU
		{C9A30533-CF2C-34DB-71DB-3E170795223E}.Release|Any CPU.Build.0 = Release|Any CPU
		{D278E576-5446-2C7F-F09B-112C5131D782}.Debug|Any CPU.ActiveCfg = Debug|Any CPU
		{D278E576-5446-2C7F-F09B-112C5131D782}.Debug|Any CPU.Build.0 = Debug|Any CPU
		{D278E576-5446-2C7F-F09B-112C5131D782}.Release|Any CPU.ActiveCfg = Release|Any CPU
		{D278E576-5446-2C7F-F09B-112C5131D782}.Release|Any CPU.Build.0 = Release|Any CPU
		{A74C33C1-59F7-83C5-9E83-340FB09DA3FB}.Debug|Any CPU.ActiveCfg = Debug|Any CPU
		{A74C33C1-59F7-83C5-9E83-340FB09DA3FB}.Debug|Any CPU.Build.0 = Debug|Any CPU
		{A74C33C1-59F7-83C5-9E83-340FB09DA3FB}.Release|Any CPU.ActiveCfg = Release|Any CPU
		{A74C33C1-59F7-83C5-9E83-340FB09DA3FB}.Release|Any CPU.Build.0 = Release|Any CPU
		{C1E0ACF5-460B-DE74-913F-C9957239B33B}.Debug|Any CPU.ActiveCfg = Debug|Any CPU
		{C1E0ACF5-460B-DE74-913F-C9957239B33B}.Debug|Any CPU.Build.0 = Debug|Any CPU
		{C1E0ACF5-460B-DE74-913F-C9957239B33B}.Release|Any CPU.ActiveCfg = Release|Any CPU
		{C1E0ACF5-460B-DE74-913F-C9957239B33B}.Release|Any CPU.Build.0 = Release|Any CPU
		{BE1CB933-0E5D-F2E3-AD7B-F1C355DE873C}.Debug|Any CPU.ActiveCfg = Debug|Any CPU
		{BE1CB933-0E5D-F2E3-AD7B-F1C355DE873C}.Debug|Any CPU.Build.0 = Debug|Any CPU
		{BE1CB933-0E5D-F2E3-AD7B-F1C355DE873C}.Release|Any CPU.ActiveCfg = Release|Any CPU
		{BE1CB933-0E5D-F2E3-AD7B-F1C355DE873C}.Release|Any CPU.Build.0 = Release|Any CPU
		{E76A7A45-74E5-550B-8DC0-AF5E2FA04D47}.Debug|Any CPU.ActiveCfg = Debug|Any CPU
		{E76A7A45-74E5-550B-8DC0-AF5E2FA04D47}.Debug|Any CPU.Build.0 = Debug|Any CPU
		{E76A7A45-74E5-550B-8DC0-AF5E2FA04D47}.Release|Any CPU.ActiveCfg = Release|Any CPU
		{E76A7A45-74E5-550B-8DC0-AF5E2FA04D47}.Release|Any CPU.Build.0 = Release|Any CPU
		{16E5360D-3150-9976-F167-4D291380D5EB}.Debug|Any CPU.ActiveCfg = Debug|Any CPU
		{16E5360D-3150-9976-F167-4D291380D5EB}.Debug|Any CPU.Build.0 = Debug|Any CPU
		{16E5360D-3150-9976-F167-4D291380D5EB}.Release|Any CPU.ActiveCfg = Release|Any CPU
		{16E5360D-3150-9976-F167-4D291380D5EB}.Release|Any CPU.Build.0 = Release|Any CPU
		{DE543DD0-C7D3-7FD8-E2AD-FB535BA8BC42}.Debug|Any CPU.ActiveCfg = Debug|Any CPU
		{DE543DD0-C7D3-7FD8-E2AD-FB535BA8BC42}.Debug|Any CPU.Build.0 = Debug|Any CPU
		{DE543DD0-C7D3-7FD8-E2AD-FB535BA8BC42}.Release|Any CPU.ActiveCfg = Release|Any CPU
		{DE543DD0-C7D3-7FD8-E2AD-FB535BA8BC42}.Release|Any CPU.Build.0 = Release|Any CPU
		{16EC4FF6-5191-00CC-CAFD-B0A472E68010}.Debug|Any CPU.ActiveCfg = Debug|Any CPU
		{16EC4FF6-5191-00CC-CAFD-B0A472E68010}.Debug|Any CPU.Build.0 = Debug|Any CPU
		{16EC4FF6-5191-00CC-CAFD-B0A472E68010}.Release|Any CPU.ActiveCfg = Release|Any CPU
		{16EC4FF6-5191-00CC-CAFD-B0A472E68010}.Release|Any CPU.Build.0 = Release|Any CPU
		{CB21A80B-4530-2919-3311-32E56DD9FFC8}.Debug|Any CPU.ActiveCfg = Debug|Any CPU
		{CB21A80B-4530-2919-3311-32E56DD9FFC8}.Debug|Any CPU.Build.0 = Debug|Any CPU
		{CB21A80B-4530-2919-3311-32E56DD9FFC8}.Release|Any CPU.ActiveCfg = Release|Any CPU
		{CB21A80B-4530-2919-3311-32E56DD9FFC8}.Release|Any CPU.Build.0 = Release|Any CPU
		{05C56FCD-2732-16E0-3F1A-FA4F55F279B0}.Debug|Any CPU.ActiveCfg = Debug|Any CPU
		{05C56FCD-2732-16E0-3F1A-FA4F55F279B0}.Debug|Any CPU.Build.0 = Debug|Any CPU
		{05C56FCD-2732-16E0-3F1A-FA4F55F279B0}.Release|Any CPU.ActiveCfg = Release|Any CPU
		{05C56FCD-2732-16E0-3F1A-FA4F55F279B0}.Release|Any CPU.Build.0 = Release|Any CPU
		{EFC404AB-0A89-B122-81DB-59A7C0771895}.Debug|Any CPU.ActiveCfg = Debug|Any CPU
		{EFC404AB-0A89-B122-81DB-59A7C0771895}.Debug|Any CPU.Build.0 = Debug|Any CPU
		{EFC404AB-0A89-B122-81DB-59A7C0771895}.Release|Any CPU.ActiveCfg = Release|Any CPU
		{EFC404AB-0A89-B122-81DB-59A7C0771895}.Release|Any CPU.Build.0 = Release|Any CPU
		{1BABE5C1-F43B-628E-06F8-0DBB038FEC71}.Debug|Any CPU.ActiveCfg = Debug|Any CPU
		{1BABE5C1-F43B-628E-06F8-0DBB038FEC71}.Debug|Any CPU.Build.0 = Debug|Any CPU
		{1BABE5C1-F43B-628E-06F8-0DBB038FEC71}.Release|Any CPU.ActiveCfg = Release|Any CPU
		{1BABE5C1-F43B-628E-06F8-0DBB038FEC71}.Release|Any CPU.Build.0 = Release|Any CPU
		{AFADF772-1DA3-438A-B6D0-8EDD1F7599C3}.Debug|Any CPU.ActiveCfg = Debug|Any CPU
		{AFADF772-1DA3-438A-B6D0-8EDD1F7599C3}.Debug|Any CPU.Build.0 = Debug|Any CPU
		{AFADF772-1DA3-438A-B6D0-8EDD1F7599C3}.Release|Any CPU.ActiveCfg = Release|Any CPU
		{AFADF772-1DA3-438A-B6D0-8EDD1F7599C3}.Release|Any CPU.Build.0 = Release|Any CPU
		{187A8370-742B-619B-F540-EEBAB5A03FFC}.Debug|Any CPU.ActiveCfg = Debug|Any CPU
		{187A8370-742B-619B-F540-EEBAB5A03FFC}.Debug|Any CPU.Build.0 = Debug|Any CPU
		{187A8370-742B-619B-F540-EEBAB5A03FFC}.Release|Any CPU.ActiveCfg = Release|Any CPU
		{187A8370-742B-619B-F540-EEBAB5A03FFC}.Release|Any CPU.Build.0 = Release|Any CPU
		{6EC05DAE-B938-D208-58CF-494456FDEE12}.Debug|Any CPU.ActiveCfg = Debug|Any CPU
		{6EC05DAE-B938-D208-58CF-494456FDEE12}.Debug|Any CPU.Build.0 = Debug|Any CPU
		{6EC05DAE-B938-D208-58CF-494456FDEE12}.Release|Any CPU.ActiveCfg = Release|Any CPU
		{6EC05DAE-B938-D208-58CF-494456FDEE12}.Release|Any CPU.Build.0 = Release|Any CPU
		{2EC442B7-EB5B-8A6B-8AD7-32BCDBA01222}.Debug|Any CPU.ActiveCfg = Debug|Any CPU
		{2EC442B7-EB5B-8A6B-8AD7-32BCDBA01222}.Debug|Any CPU.Build.0 = Debug|Any CPU
		{2EC442B7-EB5B-8A6B-8AD7-32BCDBA01222}.Release|Any CPU.ActiveCfg = Release|Any CPU
		{2EC442B7-EB5B-8A6B-8AD7-32BCDBA01222}.Release|Any CPU.Build.0 = Release|Any CPU
		{482D5607-8C49-10FC-05D9-23311BA91E25}.Debug|Any CPU.ActiveCfg = Debug|Any CPU
		{482D5607-8C49-10FC-05D9-23311BA91E25}.Debug|Any CPU.Build.0 = Debug|Any CPU
		{482D5607-8C49-10FC-05D9-23311BA91E25}.Release|Any CPU.ActiveCfg = Release|Any CPU
		{482D5607-8C49-10FC-05D9-23311BA91E25}.Release|Any CPU.Build.0 = Release|Any CPU
		{826E3C06-29AA-4287-531D-23FB4446B921}.Debug|Any CPU.ActiveCfg = Debug|Any CPU
		{826E3C06-29AA-4287-531D-23FB4446B921}.Debug|Any CPU.Build.0 = Debug|Any CPU
		{826E3C06-29AA-4287-531D-23FB4446B921}.Release|Any CPU.ActiveCfg = Release|Any CPU
		{826E3C06-29AA-4287-531D-23FB4446B921}.Release|Any CPU.Build.0 = Release|Any CPU
		{320DCD19-2F53-4E08-4335-365CCABE5957}.Debug|Any CPU.ActiveCfg = Debug|Any CPU
		{320DCD19-2F53-4E08-4335-365CCABE5957}.Debug|Any CPU.Build.0 = Debug|Any CPU
		{320DCD19-2F53-4E08-4335-365CCABE5957}.Release|Any CPU.ActiveCfg = Release|Any CPU
		{320DCD19-2F53-4E08-4335-365CCABE5957}.Release|Any CPU.Build.0 = Release|Any CPU
		{0E49A1D8-03B3-7835-D566-6F70AF69A6F4}.Debug|Any CPU.ActiveCfg = Debug|Any CPU
		{0E49A1D8-03B3-7835-D566-6F70AF69A6F4}.Debug|Any CPU.Build.0 = Debug|Any CPU
		{0E49A1D8-03B3-7835-D566-6F70AF69A6F4}.Release|Any CPU.ActiveCfg = Release|Any CPU
		{0E49A1D8-03B3-7835-D566-6F70AF69A6F4}.Release|Any CPU.Build.0 = Release|Any CPU
		{877DAB62-B4D4-4181-3C8B-E84F42E849EB}.Debug|Any CPU.ActiveCfg = Debug|Any CPU
		{877DAB62-B4D4-4181-3C8B-E84F42E849EB}.Debug|Any CPU.Build.0 = Debug|Any CPU
		{877DAB62-B4D4-4181-3C8B-E84F42E849EB}.Release|Any CPU.ActiveCfg = Release|Any CPU
		{877DAB62-B4D4-4181-3C8B-E84F42E849EB}.Release|Any CPU.Build.0 = Release|Any CPU
		{3FF50050-D2EE-0073-DA87-3919693434CF}.Debug|Any CPU.ActiveCfg = Debug|Any CPU
		{3FF50050-D2EE-0073-DA87-3919693434CF}.Debug|Any CPU.Build.0 = Debug|Any CPU
		{3FF50050-D2EE-0073-DA87-3919693434CF}.Release|Any CPU.ActiveCfg = Release|Any CPU
		{3FF50050-D2EE-0073-DA87-3919693434CF}.Release|Any CPU.Build.0 = Release|Any CPU
		{19E4B537-6811-537B-F814-E8474EF1E787}.Debug|Any CPU.ActiveCfg = Debug|Any CPU
		{19E4B537-6811-537B-F814-E8474EF1E787}.Debug|Any CPU.Build.0 = Debug|Any CPU
		{19E4B537-6811-537B-F814-E8474EF1E787}.Release|Any CPU.ActiveCfg = Release|Any CPU
		{19E4B537-6811-537B-F814-E8474EF1E787}.Release|Any CPU.Build.0 = Release|Any CPU
		{CBFE4A3B-D1F8-1DB3-97F2-1763920C5CBC}.Debug|Any CPU.ActiveCfg = Debug|Any CPU
		{CBFE4A3B-D1F8-1DB3-97F2-1763920C5CBC}.Debug|Any CPU.Build.0 = Debug|Any CPU
		{CBFE4A3B-D1F8-1DB3-97F2-1763920C5CBC}.Release|Any CPU.ActiveCfg = Release|Any CPU
		{CBFE4A3B-D1F8-1DB3-97F2-1763920C5CBC}.Release|Any CPU.Build.0 = Release|Any CPU
		{C7824F8E-54C3-F9F5-72FD-DE651DEF33BE}.Debug|Any CPU.ActiveCfg = Debug|Any CPU
		{C7824F8E-54C3-F9F5-72FD-DE651DEF33BE}.Debug|Any CPU.Build.0 = Debug|Any CPU
		{C7824F8E-54C3-F9F5-72FD-DE651DEF33BE}.Release|Any CPU.ActiveCfg = Release|Any CPU
		{C7824F8E-54C3-F9F5-72FD-DE651DEF33BE}.Release|Any CPU.Build.0 = Release|Any CPU
		{A8E752C9-60B3-89B3-3F85-59BD5EFB699A}.Debug|Any CPU.ActiveCfg = Debug|Any CPU
		{A8E752C9-60B3-89B3-3F85-59BD5EFB699A}.Debug|Any CPU.Build.0 = Debug|Any CPU
		{A8E752C9-60B3-89B3-3F85-59BD5EFB699A}.Release|Any CPU.ActiveCfg = Release|Any CPU
		{A8E752C9-60B3-89B3-3F85-59BD5EFB699A}.Release|Any CPU.Build.0 = Release|Any CPU
		{FB2C8DF2-EFB5-8325-81A3-0977356C26F3}.Debug|Any CPU.ActiveCfg = Debug|Any CPU
		{FB2C8DF2-EFB5-8325-81A3-0977356C26F3}.Debug|Any CPU.Build.0 = Debug|Any CPU
		{FB2C8DF2-EFB5-8325-81A3-0977356C26F3}.Release|Any CPU.ActiveCfg = Release|Any CPU
		{FB2C8DF2-EFB5-8325-81A3-0977356C26F3}.Release|Any CPU.Build.0 = Release|Any CPU
		{EBEF3A7F-C8C9-08D4-A9D4-C13916971D61}.Debug|Any CPU.ActiveCfg = Debug|Any CPU
		{EBEF3A7F-C8C9-08D4-A9D4-C13916971D61}.Debug|Any CPU.Build.0 = Debug|Any CPU
		{EBEF3A7F-C8C9-08D4-A9D4-C13916971D61}.Release|Any CPU.ActiveCfg = Release|Any CPU
		{EBEF3A7F-C8C9-08D4-A9D4-C13916971D61}.Release|Any CPU.Build.0 = Release|Any CPU
		{E0B7925C-9A24-6D69-3356-ACB7B09EADBB}.Debug|Any CPU.ActiveCfg = Debug|Any CPU
		{E0B7925C-9A24-6D69-3356-ACB7B09EADBB}.Debug|Any CPU.Build.0 = Debug|Any CPU
		{E0B7925C-9A24-6D69-3356-ACB7B09EADBB}.Release|Any CPU.ActiveCfg = Release|Any CPU
		{E0B7925C-9A24-6D69-3356-ACB7B09EADBB}.Release|Any CPU.Build.0 = Release|Any CPU
		{CB17D758-4322-9A22-E3A1-F35958F295B7}.Debug|Any CPU.ActiveCfg = Debug|Any CPU
		{CB17D758-4322-9A22-E3A1-F35958F295B7}.Debug|Any CPU.Build.0 = Debug|Any CPU
		{CB17D758-4322-9A22-E3A1-F35958F295B7}.Release|Any CPU.ActiveCfg = Release|Any CPU
		{CB17D758-4322-9A22-E3A1-F35958F295B7}.Release|Any CPU.Build.0 = Release|Any CPU
		{073DBEFE-3B44-4B84-0C31-D88EF5B2F352}.Debug|Any CPU.ActiveCfg = Debug|Any CPU
		{073DBEFE-3B44-4B84-0C31-D88EF5B2F352}.Debug|Any CPU.Build.0 = Debug|Any CPU
		{073DBEFE-3B44-4B84-0C31-D88EF5B2F352}.Release|Any CPU.ActiveCfg = Release|Any CPU
		{073DBEFE-3B44-4B84-0C31-D88EF5B2F352}.Release|Any CPU.Build.0 = Release|Any CPU
	EndGlobalSection
	GlobalSection(SolutionProperties) = preSolution
		HideSolutionNode = FALSE
	EndGlobalSection
	GlobalSection(NestedProjects) = preSolution
		{187A0762-CFEA-0096-9215-525BA74ABAB5} = {41209FAD-C4B1-FC17-86A0-D92655A0F3AE}
		{5D2A950F-5AB5-BF72-9FB3-C20486A6FCEA} = {187A0762-CFEA-0096-9215-525BA74ABAB5}
		{C754BAF7-90F1-0780-8254-3CFC6BA81D99} = {5D2A950F-5AB5-BF72-9FB3-C20486A6FCEA}
		{2E0F9DC8-0ECA-7395-C30C-8612F7D9A044} = {187A0762-CFEA-0096-9215-525BA74ABAB5}
		{EA10B21D-61DF-6751-3E67-EDE69FEE1733} = {2E0F9DC8-0ECA-7395-C30C-8612F7D9A044}
		{E262691D-B222-7D2A-8531-0F9D1D585CDF} = {2E0F9DC8-0ECA-7395-C30C-8612F7D9A044}
		{1CE071C0-016F-6849-AD09-B79EFC072DD8} = {2E0F9DC8-0ECA-7395-C30C-8612F7D9A044}
		{9545296A-0F66-16BE-774E-35B29D24681F} = {187A0762-CFEA-0096-9215-525BA74ABAB5}
		{0AC0FF23-E503-A47B-7AFB-FA1F7BB7E7DD} = {9545296A-0F66-16BE-774E-35B29D24681F}
		{1FE436BE-5200-E7BB-2B6A-D04433A36387} = {187A0762-CFEA-0096-9215-525BA74ABAB5}
		{2F339A3A-01A8-B2C4-23BB-920D68D7D5AA} = {1FE436BE-5200-E7BB-2B6A-D04433A36387}
		{8F7A0131-D012-1B5E-284A-0BDD92837F9A} = {187A0762-CFEA-0096-9215-525BA74ABAB5}
		{96347EC7-4FB1-6277-86BB-B73BAB868B10} = {8F7A0131-D012-1B5E-284A-0BDD92837F9A}
		{F6D96845-6374-FED7-C66C-DD07D6CC44DF} = {96347EC7-4FB1-6277-86BB-B73BAB868B10}
		{B418CB9C-C1C8-1289-09A1-782333AFACEC} = {96347EC7-4FB1-6277-86BB-B73BAB868B10}
		{7C1F9C38-1D0D-4D0F-F928-AC5D9D1A8264} = {96347EC7-4FB1-6277-86BB-B73BAB868B10}
		{C9A30533-CF2C-34DB-71DB-3E170795223E} = {96347EC7-4FB1-6277-86BB-B73BAB868B10}
		{991B5A62-08AB-FD5B-9627-D89C14047F8D} = {8F7A0131-D012-1B5E-284A-0BDD92837F9A}
		{D278E576-5446-2C7F-F09B-112C5131D782} = {991B5A62-08AB-FD5B-9627-D89C14047F8D}
		{A74C33C1-59F7-83C5-9E83-340FB09DA3FB} = {991B5A62-08AB-FD5B-9627-D89C14047F8D}
		{2DABC4C0-616F-EBAD-51A3-DAB5005D5A91} = {187A0762-CFEA-0096-9215-525BA74ABAB5}
		{9563847C-A3F3-C546-A3A2-CE02449B39BB} = {2DABC4C0-616F-EBAD-51A3-DAB5005D5A91}
		{C1E0ACF5-460B-DE74-913F-C9957239B33B} = {9563847C-A3F3-C546-A3A2-CE02449B39BB}
		{BE1CB933-0E5D-F2E3-AD7B-F1C355DE873C} = {9563847C-A3F3-C546-A3A2-CE02449B39BB}
		{E76A7A45-74E5-550B-8DC0-AF5E2FA04D47} = {9563847C-A3F3-C546-A3A2-CE02449B39BB}
		{385233C4-51D1-4F97-50C8-2BFE4B1C3E0D} = {187A0762-CFEA-0096-9215-525BA74ABAB5}
		{2D902D4A-5728-AE00-3363-8E506087900A} = {385233C4-51D1-4F97-50C8-2BFE4B1C3E0D}
		{16E5360D-3150-9976-F167-4D291380D5EB} = {2D902D4A-5728-AE00-3363-8E506087900A}
		{FAB01CE3-27E9-5E10-3C7C-EF621524C298} = {385233C4-51D1-4F97-50C8-2BFE4B1C3E0D}
		{DE543DD0-C7D3-7FD8-E2AD-FB535BA8BC42} = {FAB01CE3-27E9-5E10-3C7C-EF621524C298}
		{CECFC847-5CD1-F781-B254-43E0B706429D} = {187A0762-CFEA-0096-9215-525BA74ABAB5}
		{A7880FBD-7991-381E-C7FE-59EF9FAD2D0E} = {CECFC847-5CD1-F781-B254-43E0B706429D}
		{16EC4FF6-5191-00CC-CAFD-B0A472E68010} = {A7880FBD-7991-381E-C7FE-59EF9FAD2D0E}
		{CB21A80B-4530-2919-3311-32E56DD9FFC8} = {A7880FBD-7991-381E-C7FE-59EF9FAD2D0E}
		{05C56FCD-2732-16E0-3F1A-FA4F55F279B0} = {A7880FBD-7991-381E-C7FE-59EF9FAD2D0E}
		{3542B259-04EF-825C-B186-06219AB7B5E1} = {187A0762-CFEA-0096-9215-525BA74ABAB5}
		{B53A6815-19A7-CE59-AA87-4AACF7B163BF} = {3542B259-04EF-825C-B186-06219AB7B5E1}
		{EFC404AB-0A89-B122-81DB-59A7C0771895} = {B53A6815-19A7-CE59-AA87-4AACF7B163BF}
		{1BABE5C1-F43B-628E-06F8-0DBB038FEC71} = {B53A6815-19A7-CE59-AA87-4AACF7B163BF}
		{AFADF772-1DA3-438A-B6D0-8EDD1F7599C3} = {B53A6815-19A7-CE59-AA87-4AACF7B163BF}
		{A5257371-8B0A-CFC6-3152-65EB42B35BD9} = {187A0762-CFEA-0096-9215-525BA74ABAB5}
		{D7A0F089-13FC-2C7F-932C-77258A3EEC5E} = {A5257371-8B0A-CFC6-3152-65EB42B35BD9}
		{187A8370-742B-619B-F540-EEBAB5A03FFC} = {D7A0F089-13FC-2C7F-932C-77258A3EEC5E}
		{6EC05DAE-B938-D208-58CF-494456FDEE12} = {D7A0F089-13FC-2C7F-932C-77258A3EEC5E}
		{A5295C1C-7B82-DB60-DEB4-0DCFE55167DD} = {187A0762-CFEA-0096-9215-525BA74ABAB5}
		{1E616F17-6B97-B542-0A40-B5EC38943226} = {A5295C1C-7B82-DB60-DEB4-0DCFE55167DD}
		{2EC442B7-EB5B-8A6B-8AD7-32BCDBA01222} = {1E616F17-6B97-B542-0A40-B5EC38943226}
		{482D5607-8C49-10FC-05D9-23311BA91E25} = {1E616F17-6B97-B542-0A40-B5EC38943226}
		{826E3C06-29AA-4287-531D-23FB4446B921} = {1E616F17-6B97-B542-0A40-B5EC38943226}
		{0EA9BFE8-BCE8-6F78-EAFF-B8748F848151} = {9545296A-0F66-16BE-774E-35B29D24681F}
		{320DCD19-2F53-4E08-4335-365CCABE5957} = {0EA9BFE8-BCE8-6F78-EAFF-B8748F848151}
		{0E49A1D8-03B3-7835-D566-6F70AF69A6F4} = {0EA9BFE8-BCE8-6F78-EAFF-B8748F848151}
		{877DAB62-B4D4-4181-3C8B-E84F42E849EB} = {0EA9BFE8-BCE8-6F78-EAFF-B8748F848151}
		{76E976FE-C75A-53A1-F6E9-956AB5570640} = {9545296A-0F66-16BE-774E-35B29D24681F}
		{3FF50050-D2EE-0073-DA87-3919693434CF} = {76E976FE-C75A-53A1-F6E9-956AB5570640}
		{19E4B537-6811-537B-F814-E8474EF1E787} = {76E976FE-C75A-53A1-F6E9-956AB5570640}
		{8EB577B1-D3E6-9A2B-A34B-CD65312F5257} = {187A0762-CFEA-0096-9215-525BA74ABAB5}
		{CBBA2940-798C-F31F-797E-5FF01711CAF8} = {8EB577B1-D3E6-9A2B-A34B-CD65312F5257}
		{CBFE4A3B-D1F8-1DB3-97F2-1763920C5CBC} = {CBBA2940-798C-F31F-797E-5FF01711CAF8}
		{C7824F8E-54C3-F9F5-72FD-DE651DEF33BE} = {CBBA2940-798C-F31F-797E-5FF01711CAF8}
		{A8E752C9-60B3-89B3-3F85-59BD5EFB699A} = {CBBA2940-798C-F31F-797E-5FF01711CAF8}
		{35813E79-8740-0A31-89E2-2301CC18838D} = {41209FAD-C4B1-FC17-86A0-D92655A0F3AE}
		{07281DE0-057D-E715-4747-5DF576814F29} = {35813E79-8740-0A31-89E2-2301CC18838D}
		{6C37E041-C1F7-B7F9-AA2F-C41276E48A4C} = {07281DE0-057D-E715-4747-5DF576814F29}
		{FB2C8DF2-EFB5-8325-81A3-0977356C26F3} = {6C37E041-C1F7-B7F9-AA2F-C41276E48A4C}
		{2DB44121-FFF6-8BE3-50B8-52FF6AAD3336} = {35813E79-8740-0A31-89E2-2301CC18838D}
		{2A433668-12A2-0C02-EE45-E8A21DD5A69B} = {2DB44121-FFF6-8BE3-50B8-52FF6AAD3336}
		{EBEF3A7F-C8C9-08D4-A9D4-C13916971D61} = {2A433668-12A2-0C02-EE45-E8A21DD5A69B}
		{1D11EE90-4487-A507-DE8B-8513039BBB8D} = {41209FAD-C4B1-FC17-86A0-D92655A0F3AE}
		{A6A4C178-399C-8F30-7881-833F15965FE0} = {1D11EE90-4487-A507-DE8B-8513039BBB8D}
		{8C76FB53-2F8A-F50F-3748-3FFF2E9CB70D} = {A6A4C178-399C-8F30-7881-833F15965FE0}
		{E0B7925C-9A24-6D69-3356-ACB7B09EADBB} = {8C76FB53-2F8A-F50F-3748-3FFF2E9CB70D}
		{367055C5-D37E-5EC1-3327-878BCE1478C4} = {1D11EE90-4487-A507-DE8B-8513039BBB8D}
		{BDFD7A0B-A8C0-DCCE-2D16-28BFBA69A9B7} = {367055C5-D37E-5EC1-3327-878BCE1478C4}
		{CB17D758-4322-9A22-E3A1-F35958F295B7} = {BDFD7A0B-A8C0-DCCE-2D16-28BFBA69A9B7}
		{68B8F189-4F0B-1836-8345-E0CBF69032AA} = {1D11EE90-4487-A507-DE8B-8513039BBB8D}
		{35D4296C-9DCD-8EB4-B4F9-54484FCFC4DC} = {68B8F189-4F0B-1836-8345-E0CBF69032AA}
		{073DBEFE-3B44-4B84-0C31-D88EF5B2F352} = {35D4296C-9DCD-8EB4-B4F9-54484FCFC4DC}
	EndGlobalSection
	GlobalSection(ExtensibilityGlobals) = postSolution
		SolutionGuid = {FC58CABD-38E5-43E9-B640-4F32CC358AFC}
	EndGlobalSection
EndGlobal
